
Microsoft Visual Studio Solution File, Format Version 12.00
# Visual Studio Version 17
VisualStudioVersion = 17.7.34221.43
MinimumVisualStudioVersion = 10.0.40219.1
Project("{FAE04EC0-301F-11D3-BF4B-00C04F79EFBC}") = "Planety3D", "Planety3D.csproj", "{A70AF3CD-6395-4CFD-99F8-C0D1B917458B}"
EndProject
Global
	GlobalSection(SolutionConfigurationPlatforms) = preSolution
		Debug|Any CPU = Debug|Any CPU
		Release|Any CPU = Release|Any CPU
	EndGlobalSection
	GlobalSection(ProjectConfigurationPlatforms) = postSolution
		{A70AF3CD-6395-4CFD-99F8-C0D1B917458B}.Debug|Any CPU.ActiveCfg = Debug|Any CPU
		{A70AF3CD-6395-4CFD-99F8-C0D1B917458B}.Debug|Any CPU.Build.0 = Debug|Any CPU
		{A70AF3CD-6395-4CFD-99F8-C0D1B917458B}.Release|Any CPU.ActiveCfg = Release|Any CPU
		{A70AF3CD-6395-4CFD-99F8-C0D1B917458B}.Release|Any CPU.Build.0 = Release|Any CPU
	EndGlobalSection
	GlobalSection(SolutionProperties) = preSolution
		HideSolutionNode = FALSE
	EndGlobalSection
	GlobalSection(ExtensibilityGlobals) = postSolution
		SolutionGuid = {6496D5E8-94EE-441B-B04D-D68E07354387}
	EndGlobalSection
EndGlobal
